
Microsoft Visual Studio Solution File, Format Version 12.00
# Visual Studio Version 16
VisualStudioVersion = 25.0.1703.3
MinimumVisualStudioVersion = 10.0.40219.1
Project("{FAE04EC0-301F-11D3-BF4B-00C04F79EFBC}") = "kbk_lesson6", "kbk_lesson6\kbk_lesson6.csproj", "{E59DFA11-1FFC-420D-859A-5CCD6000A103}"
EndProject
Global
	GlobalSection(SolutionConfigurationPlatforms) = preSolution
		Debug|Any CPU = Debug|Any CPU
		Release|Any CPU = Release|Any CPU
	EndGlobalSection
	GlobalSection(ProjectConfigurationPlatforms) = postSolution
		{E59DFA11-1FFC-420D-859A-5CCD6000A103}.Debug|Any CPU.ActiveCfg = Debug|Any CPU
		{E59DFA11-1FFC-420D-859A-5CCD6000A103}.Debug|Any CPU.Build.0 = Debug|Any CPU
		{E59DFA11-1FFC-420D-859A-5CCD6000A103}.Release|Any CPU.ActiveCfg = Release|Any CPU
		{E59DFA11-1FFC-420D-859A-5CCD6000A103}.Release|Any CPU.Build.0 = Release|Any CPU
	EndGlobalSection
	GlobalSection(SolutionProperties) = preSolution
		HideSolutionNode = FALSE
	EndGlobalSection
	GlobalSection(ExtensibilityGlobals) = postSolution
		SolutionGuid = {9566F92E-5AF3-4AC7-9075-ECA1B90CBAAF}
	EndGlobalSection
EndGlobal
